PODS:
  - MoeCommon (0.1.2):
    - MoeCommon/Base (= 0.1.2)
    - MoeCommon/Extension (= 0.1.2)
    - MoeCommon/Runtime (= 0.1.2)
  - MoeCommon/Base (0.1.2)
  - MoeCommon/Extension (0.1.2)
  - MoeCommon/Runtime (0.1.2):
    - MoeCommon/Base
    - MoeCommon/Extension
  - MoeUI (1.3.0):
    - MoeCommon
    - MoeUI/Alert (= 1.3.0)
    - MoeUI/Designator (= 1.3.0)
    - MoeUI/PanDrawer (= 1.3.0)
    - MoeUI/Unity (= 1.3.0)
  - MoeUI/Alert (1.3.0):
    - MoeCommon
    - MoeUI/Designator
    - MoeUI/Unity
  - MoeUI/Designator (1.3.0):
    - MoeCommon
  - MoeUI/PanDrawer (1.3.0):
    - MoeCommon
  - MoeUI/Unity (1.3.0):
    - MoeCommon
  - SnapKit (4.2.0)

DEPENDENCIES:
  - MoeCommon (from `https://github.com/linyanzuo/MoeCommon.git`)
  - MoeUI (from `../`)
  - SnapKit (~> 4.2.0)

SPEC REPOS:
  trunk:
    - SnapKit

EXTERNAL SOURCES:
  MoeCommon:
    :git: https://github.com/linyanzuo/MoeCommon.git
  MoeUI:
    :path: "../"

CHECKOUT OPTIONS:
  MoeCommon:
    :commit: be66504774666aa7941e0bccae68f469f07780d9
    :git: https://github.com/linyanzuo/MoeCommon.git

SPEC CHECKSUMS:
  MoeCommon: 58429fce47df711e46147d7d34c07648459012ef
  MoeUI: f2bcee7a24b63d6c48f4fbb78982d845f2929b15
  SnapKit: fe8a619752f3f27075cc9a90244d75c6c3f27e2a

PODFILE CHECKSUM: 220e20e4479fa3b3b55278c2025f88e5f3a607fe

COCOAPODS: 1.9.3
